dependencies:
- name: nats
  repository: file://../nats
  version: 1.1.12
- name: common
  repository: file://../common
  version: 2.13.3
- name: etcd-cluster
  repository: file://../etcd-cluster
  version: 9.10.6
- name: redis-cluster
  repository: file://../redis-cluster
  version: 18.3.2
- name: minio-cluster
  repository: file://../minio-cluster
  version: 12.9.4
- name: tdengine
  repository: file://../tdengine
  version: 3.0.2
digest: sha256:8a1bbe8299d9082c7eb71386538a222f6b96177a270712f68b26447cd3eda10f
generated: "2024-10-30T11:29:06.264125+08:00"
