dependencies:
- name: nats
  repository: file://../nats
  version: 1.1.12
- name: common
  repository: file://../common
  version: 2.13.3
- name: etcd-cluster
  repository: file://../etcd-cluster
  version: 9.10.6
- name: redis-cluster
  repository: file://../redis-cluster
  version: 18.3.2
- name: minio-cluster
  repository: file://../minio-cluster
  version: 12.9.4
- name: tdengine
  repository: file://../tdengine
  version: 3.0.2
digest: sha256:064000904e9dcd9ddcbe8485ea6a528bae251601642e68e46c4d439b1d261d28
generated: "2024-09-02T14:45:13.662541+08:00"
